{
    "_meta": {
        "hash": {
            "sha256": "b7d6b120ef0da11dd04721b2091f31413ed1689d4a0a708da1c2e111f506b16d"
        },
        "pipfile-spec": 6,
        "requires": {
            "python_version": "3.7"
        },
        "sources": [
            {
                "name": "pypi",
                "url": "https://pypi.org/simple",
                "verify_ssl": true
            }
        ]
    },
    "default": {
        "m3u8": {
            "hashes": [
                "sha256:394314f6ee94e9e31c2f5e4bec23a8b62538462670f699b54fa96cd1db0ad351",
                "sha256:89bd605e98379edb50efe554c95638520843b85e61d516671304baf06a054f88"
            ],
            "index": "pypi",
            "version": "==0.5.0"
        },
        "requests": {
            "hashes": [
                "sha256:11e007a8a2aa0323f5a921e9e6a2d7e4e67d9877e85773fba9ba6419025cbeb4",
                "sha256:9cf5292fcd0f598c671cfc1e0d7d1a7f13bb8085e9a590f48c010551dc6c4b31"
            ],
            "index": "pypi",
            "version": "==2.22.0"
        }
    },
    "develop": {}
}
